// !$*UTF8*$!
{
	archiveVersion = 1;
	classes = {
	};
	objectVersion = 51;
	objects = {

/* Begin PBXBuildFile section */
		5DA275AB9ADDD98F6661B5CC /* Pods_LoveInASnap.framework in Frameworks */ = {isa = PBXBuildFile; fileRef = A7CAC67DD41D24ABB0B1E3A9 /* Pods_LoveInASnap.framework */; };
		A90D564827568BB3005D5EF6 /* tessdata in Resources */ = {isa = PBXBuildFile; fileRef = A90D564727568BB3005D5EF6 /* tessdata */; };
		A90D565527577588005D5EF6 /* ActivityIndicatorify.swift in Sources */ = {isa = PBXBuildFile; fileRef = A90D565427577588005D5EF6 /* ActivityIndicatorify.swift */; };
		A99DA60727538EF8009B00B0 /* LoveInASnapApp.swift in Sources */ = {isa = PBXBuildFile; fileRef = A99DA60627538EF8009B00B0 /* LoveInASnapApp.swift */; };
		A99DA60927538EF8009B00B0 /* LoveInASnapView.swift in Sources */ = {isa = PBXBuildFile; fileRef = A99DA60827538EF8009B00B0 /* LoveInASnapView.swift */; };
		A99DA60B27538F04009B00B0 /* Assets.xcassets in Resources */ = {isa = PBXBuildFile; fileRef = A99DA60A27538F04009B00B0 /* Assets.xcassets */; };
		A99DA60E27538F04009B00B0 /* Preview Assets.xcassets in Resources */ = {isa = PBXBuildFile; fileRef = A99DA60D27538F04009B00B0 /* Preview Assets.xcassets */; };
		A99DA6182753B860009B00B0 /* UIFont + Extension.swift in Sources */ = {isa = PBXBuildFile; fileRef = A99DA6172753B860009B00B0 /* UIFont + Extension.swift */; };
		A9C909D327565084008BF66A /* Bradley Hand Bold.ttf in Resources */ = {isa = PBXBuildFile; fileRef = A9C909D227565084008BF66A /* Bradley Hand Bold.ttf */; };
		A9C909D9275652D1008BF66A /* Noteworthy.ttc in Resources */ = {isa = PBXBuildFile; fileRef = A9C909D8275652D1008BF66A /* Noteworthy.ttc */; };
		A9C909DC27565A8D008BF66A /* ActivityIndicator.swift in Sources */ = {isa = PBXBuildFile; fileRef = A9C909DB27565A8D008BF66A /* ActivityIndicator.swift */; };
		A9C909E0275666A2008BF66A /* ImagePicker.swift in Sources */ = {isa = PBXBuildFile; fileRef = A9C909DF275666A2008BF66A /* ImagePicker.swift */; };
		A9C90A1527568159008BF66A /* LoveInASnapViewModel.swift in Sources */ = {isa = PBXBuildFile; fileRef = A9C90A1427568159008BF66A /* LoveInASnapViewModel.swift */; };
/* End PBXBuildFile section */

/* Begin PBXFileReference section */
		03E913AB9C7FADF1F577D28A /* Pods-LoveInASnap.release.xcconfig */ = {isa = PBXFileReference; includeInIndex = 1; lastKnownFileType = text.xcconfig; name = "Pods-LoveInASnap.release.xcconfig"; path = "Target Support Files/Pods-LoveInASnap/Pods-LoveInASnap.release.xcconfig"; sourceTree = "<group>"; };
		78C5D6CD8C6A5EA919D3F264 /* Pods-LoveInASnap.debug.xcconfig */ = {isa = PBXFileReference; includeInIndex = 1; lastKnownFileType = text.xcconfig; name = "Pods-LoveInASnap.debug.xcconfig"; path = "Target Support Files/Pods-LoveInASnap/Pods-LoveInASnap.debug.xcconfig"; sourceTree = "<group>"; };
		A7CAC67DD41D24ABB0B1E3A9 /* Pods_LoveInASnap.framework */ = {isa = PBXFileReference; explicitFileType = wrapper.framework; includeInIndex = 0; path = Pods_LoveInASnap.framework; sourceTree = BUILT_PRODUCTS_DIR; };
		A90D564727568BB3005D5EF6 /* tessdata */ = {isa = PBXFileReference; lastKnownFileType = folder; name = tessdata; path = ../Resources/tessdata; sourceTree = "<group>"; };
		A90D565427577588005D5EF6 /* ActivityIndicatorify.swift */ = {isa = PBXFileReference; fileEncoding = 4; lastKnownFileType = sourcecode.swift; path = ActivityIndicatorify.swift; sourceTree = "<group>"; };
		A99DA60327538EF8009B00B0 /* LoveInASnap.app */ = {isa = PBXFileReference; explicitFileType = wrapper.application; includeInIndex = 0; path = LoveInASnap.app; sourceTree = BUILT_PRODUCTS_DIR; };
		A99DA60627538EF8009B00B0 /* LoveInASnapApp.swift */ = {isa = PBXFileReference; lastKnownFileType = sourcecode.swift; path = LoveInASnapApp.swift; sourceTree = "<group>"; };
		A99DA60827538EF8009B00B0 /* LoveInASnapView.swift */ = {isa = PBXFileReference; lastKnownFileType = sourcecode.swift; path = LoveInASnapView.swift; sourceTree = "<group>"; };
		A99DA60A27538F04009B00B0 /* Assets.xcassets */ = {isa = PBXFileReference; lastKnownFileType = folder.assetcatalog; path = Assets.xcassets; sourceTree = "<group>"; };
		A99DA60D27538F04009B00B0 /* Preview Assets.xcassets */ = {isa = PBXFileReference; lastKnownFileType = folder.assetcatalog; path = "Preview Assets.xcassets"; sourceTree = "<group>"; };
		A99DA60F27538F04009B00B0 /* Info.plist */ = {isa = PBXFileReference; lastKnownFileType = text.plist.xml; path = Info.plist; sourceTree = "<group>"; };
		A99DA6172753B860009B00B0 /* UIFont + Extension.swift */ = {isa = PBXFileReference; lastKnownFileType = sourcecode.swift; path = "UIFont + Extension.swift"; sourceTree = "<group>"; };
		A9C909D227565084008BF66A /* Bradley Hand Bold.ttf */ = {isa = PBXFileReference; lastKnownFileType = file; path = "Bradley Hand Bold.ttf"; sourceTree = "<group>"; };
		A9C909D8275652D1008BF66A /* Noteworthy.ttc */ = {isa = PBXFileReference; lastKnownFileType = file; path = Noteworthy.ttc; sourceTree = "<group>"; };
		A9C909DB27565A8D008BF66A /* ActivityIndicator.swift */ = {isa = PBXFileReference; lastKnownFileType = sourcecode.swift; path = ActivityIndicator.swift; sourceTree = "<group>"; };
		A9C909DF275666A2008BF66A /* ImagePicker.swift */ = {isa = PBXFileReference; lastKnownFileType = sourcecode.swift; path = ImagePicker.swift; sourceTree = "<group>"; };
		A9C90A1427568159008BF66A /* LoveInASnapViewModel.swift */ = {isa = PBXFileReference; lastKnownFileType = sourcecode.swift; path = LoveInASnapViewModel.swift; sourceTree = "<group>"; };
/* End PBXFileReference section */

/* Begin PBXFrameworksBuildPhase section */
		A99DA60027538EF8009B00B0 /* Frameworks */ = {
			isa = PBXFrameworksBuildPhase;
			buildActionMask = 2147483647;
			files = (
				5DA275AB9ADDD98F6661B5CC /* Pods_LoveInASnap.framework in Frameworks */,
			);
			runOnlyForDeploymentPostprocessing = 0;
		};
/* End PBXFrameworksBuildPhase section */

/* Begin PBXGroup section */
		062E75D35CC42B52F89A9F90 /* Frameworks */ = {
			isa = PBXGroup;
			children = (
				A7CAC67DD41D24ABB0B1E3A9 /* Pods_LoveInASnap.framework */,
			);
			name = Frameworks;
			sourceTree = "<group>";
		};
		A99DA5FA27538EF8009B00B0 = {
			isa = PBXGroup;
			children = (
				A90D564727568BB3005D5EF6 /* tessdata */,
				A99DA60527538EF8009B00B0 /* LoveInASnap */,
				A99DA60427538EF8009B00B0 /* Products */,
				E7164A9837C55D8A82BB5A77 /* Pods */,
				062E75D35CC42B52F89A9F90 /* Frameworks */,
			);
			sourceTree = "<group>";
		};
		A99DA60427538EF8009B00B0 /* Products */ = {
			isa = PBXGroup;
			children = (
				A99DA60327538EF8009B00B0 /* LoveInASnap.app */,
			);
			name = Products;
			sourceTree = "<group>";
		};
		A99DA60527538EF8009B00B0 /* LoveInASnap */ = {
			isa = PBXGroup;
			children = (
				A99DA60627538EF8009B00B0 /* LoveInASnapApp.swift */,
				A99DA60827538EF8009B00B0 /* LoveInASnapView.swift */,
				A9C90A1427568159008BF66A /* LoveInASnapViewModel.swift */,
				A99DA6172753B860009B00B0 /* UIFont + Extension.swift */,
				A99DA60A27538F04009B00B0 /* Assets.xcassets */,
				A99DA60F27538F04009B00B0 /* Info.plist */,
				A9C909DE2756666D008BF66A /* UIKitRepresentables */,
				A9C909D52756508F008BF66A /* Fonts */,
				A99DA60C27538F04009B00B0 /* Preview Content */,
			);
			path = LoveInASnap;
			sourceTree = "<group>";
		};
		A99DA60C27538F04009B00B0 /* Preview Content */ = {
			isa = PBXGroup;
			children = (
				A99DA60D27538F04009B00B0 /* Preview Assets.xcassets */,
			);
			path = "Preview Content";
			sourceTree = "<group>";
		};
		A9C909D52756508F008BF66A /* Fonts */ = {
			isa = PBXGroup;
			children = (
				A9C909D227565084008BF66A /* Bradley Hand Bold.ttf */,
				A9C909D8275652D1008BF66A /* Noteworthy.ttc */,
			);
			path = Fonts;
			sourceTree = "<group>";
		};
		A9C909DE2756666D008BF66A /* UIKitRepresentables */ = {
			isa = PBXGroup;
			children = (
				A9C909DB27565A8D008BF66A /* ActivityIndicator.swift */,
				A90D565427577588005D5EF6 /* ActivityIndicatorify.swift */,
				A9C909DF275666A2008BF66A /* ImagePicker.swift */,
			);
			path = UIKitRepresentables;
			sourceTree = "<group>";
		};
		E7164A9837C55D8A82BB5A77 /* Pods */ = {
			isa = PBXGroup;
			children = (
				78C5D6CD8C6A5EA919D3F264 /* Pods-LoveInASnap.debug.xcconfig */,
				03E913AB9C7FADF1F577D28A /* Pods-LoveInASnap.release.xcconfig */,
			);
			path = Pods;
			sourceTree = "<group>";
		};
/* End PBXGroup section */

/* Begin PBXNativeTarget section */
		A99DA60227538EF8009B00B0 /* LoveInASnap */ = {
			isa = PBXNativeTarget;
			buildConfigurationList = A99DA61227538F04009B00B0 /* Build configuration list for PBXNativeTarget "LoveInASnap" */;
			buildPhases = (
				070A461DCE71348B8DD5D206 /* [CP] Check Pods Manifest.lock */,
				A99DA5FF27538EF8009B00B0 /* Sources */,
				A99DA60027538EF8009B00B0 /* Frameworks */,
				A99DA60127538EF8009B00B0 /* Resources */,
				1477F462F6DC3F4564308C08 /* [CP] Embed Pods Frameworks */,
			);
			buildRules = (
			);
			dependencies = (
			);
			name = LoveInASnap;
			productName = LoveInASnap;
			productReference = A99DA60327538EF8009B00B0 /* LoveInASnap.app */;
			productType = "com.apple.product-type.application";
		};
/* End PBXNativeTarget section */

/* Begin PBXProject section */
		A99DA5FB27538EF8009B00B0 /* Project object */ = {
			isa = PBXProject;
			attributes = {
				LastSwiftUpdateCheck = 1240;
				LastUpgradeCheck = 1240;
				TargetAttributes = {
					A99DA60227538EF8009B00B0 = {
						CreatedOnToolsVersion = 12.4;
					};
				};
			};
			buildConfigurationList = A99DA5FE27538EF8009B00B0 /* Build configuration list for PBXProject "LoveInASnap" */;
			compatibilityVersion = "Xcode 9.3";
			developmentRegion = en;
			hasScannedForEncodings = 0;
			knownRegions = (
				en,
				Base,
			);
			mainGroup = A99DA5FA27538EF8009B00B0;
			productRefGroup = A99DA60427538EF8009B00B0 /* Products */;
			projectDirPath = "";
			projectRoot = "";
			targets = (
				A99DA60227538EF8009B00B0 /* LoveInASnap */,
			);
		};
/* End PBXProject section */

/* Begin PBXResourcesBuildPhase section */
		A99DA60127538EF8009B00B0 /* Resources */ = {
			isa = PBXResourcesBuildPhase;
			buildActionMask = 2147483647;
			files = (
				A9C909D327565084008BF66A /* Bradley Hand Bold.ttf in Resources */,
				A99DA60E27538F04009B00B0 /* Preview Assets.xcassets in Resources */,
				A90D564827568BB3005D5EF6 /* tessdata in Resources */,
				A9C909D9275652D1008BF66A /* Noteworthy.ttc in Resources */,
				A99DA60B27538F04009B00B0 /* Assets.xcassets in Resources */,
			);
			runOnlyForDeploymentPostprocessing = 0;
		};
/* End PBXResourcesBuildPhase section */

/* Begin PBXShellScriptBuildPhase section */
		070A461DCE71348B8DD5D206 /* [CP] Check Pods Manifest.lock */ = {
			isa = PBXShellScriptBuildPhase;
			buildActionMask = 2147483647;
			files = (
			);
			inputFileListPaths = (
			);
			inputPaths = (
				"${PODS_PODFILE_DIR_PATH}/Podfile.lock",
				"${PODS_ROOT}/Manifest.lock",
			);
			name = "[CP] Check Pods Manifest.lock";
			outputFileListPaths = (
			);
			outputPaths = (
				"$(DERIVED_FILE_DIR)/Pods-LoveInASnap-checkManifestLockResult.txt",
			);
			runOnlyForDeploymentPostprocessing = 0;
			shellPath = /bin/sh;
			shellScript = "diff \"${PODS_PODFILE_DIR_PATH}/Podfile.lock\" \"${PODS_ROOT}/Manifest.lock\" > /dev/null\nif [ $? != 0 ] ; then\n    # print error to STDERR\n    echo \"error: The sandbox is not in sync with the Podfile.lock. Run 'pod install' or update your CocoaPods installation.\" >&2\n    exit 1\nfi\n# This output is used by Xcode 'outputs' to avoid re-running this script phase.\necho \"SUCCESS\" > \"${SCRIPT_OUTPUT_FILE_0}\"\n";
			showEnvVarsInLog = 0;
		};
		1477F462F6DC3F4564308C08 /* [CP] Embed Pods Frameworks */ = {
			isa = PBXShellScriptBuildPhase;
			buildActionMask = 2147483647;
			files = (
			);
			inputFileListPaths = (
				"${PODS_ROOT}/Target Support Files/Pods-LoveInASnap/Pods-LoveInASnap-frameworks-${CONFIGURATION}-input-files.xcfilelist",
			);
			name = "[CP] Embed Pods Frameworks";
			outputFileListPaths = (
				"${PODS_ROOT}/Target Support Files/Pods-LoveInASnap/Pods-LoveInASnap-frameworks-${CONFIGURATION}-output-files.xcfilelist",
			);
			runOnlyForDeploymentPostprocessing = 0;
			shellPath = /bin/sh;
			shellScript = "\"${PODS_ROOT}/Target Support Files/Pods-LoveInASnap/Pods-LoveInASnap-frameworks.sh\"\n";
			showEnvVarsInLog = 0;
		};
/* End PBXShellScriptBuildPhase section */

/* Begin PBXSourcesBuildPhase section */
		A99DA5FF27538EF8009B00B0 /* Sources */ = {
			isa = PBXSourcesBuildPhase;
			buildActionMask = 2147483647;
			files = (
				A90D565527577588005D5EF6 /* ActivityIndicatorify.swift in Sources */,
				A9C90A1527568159008BF66A /* LoveInASnapViewModel.swift in Sources */,
				A9C909DC27565A8D008BF66A /* ActivityIndicator.swift in Sources */,
				A99DA6182753B860009B00B0 /* UIFont + Extension.swift in Sources */,
				A9C909E0275666A2008BF66A /* ImagePicker.swift in Sources */,
				A99DA60927538EF8009B00B0 /* LoveInASnapView.swift in Sources */,
				A99DA60727538EF8009B00B0 /* LoveInASnapApp.swift in Sources */,
			);
			runOnlyForDeploymentPostprocessing = 0;
		};
/* End PBXSourcesBuildPhase section */

/* Begin XCBuildConfiguration section */
		A99DA61027538F04009B00B0 /* Debug */ = {
			isa = XCBuildConfiguration;
			buildSettings = {
				ALWAYS_SEARCH_USER_PATHS = NO;
				CLANG_ANALYZER_NONNULL = YES;
				CLANG_ANALYZER_NUMBER_OBJECT_CONVERSION = YES_AGGRESSIVE;
				CLANG_CXX_LANGUAGE_STANDARD = "gnu++14";
				CLANG_CXX_LIBRARY = "libc++";
				CLANG_ENABLE_MODULES = YES;
				CLANG_ENABLE_OBJC_ARC = YES;
				CLANG_ENABLE_OBJC_WEAK = YES;
				CLANG_WARN_BLOCK_CAPTURE_AUTORELEASING = YES;
				CLANG_WARN_BOOL_CONVERSION = YES;
				CLANG_WARN_COMMA = YES;
				CLANG_WARN_CONSTANT_CONVERSION = YES;
				CLANG_WARN_DEPRECATED_OBJC_IMPLEMENTATIONS = YES;
				CLANG_WARN_DIRECT_OBJC_ISA_USAGE = YES_ERROR;
				CLANG_WARN_DOCUMENTATION_COMMENTS = YES;
				CLANG_WARN_EMPTY_BODY = YES;
				CLANG_WARN_ENUM_CONVERSION = YES;
				CLANG_WARN_INFINITE_RECURSION = YES;
				CLANG_WARN_INT_CONVERSION = YES;
				CLANG_WARN_NON_LITERAL_NULL_CONVERSION = YES;
				CLANG_WARN_OBJC_IMPLICIT_RETAIN_SELF = YES;
				CLANG_WARN_OBJC_LITERAL_CONVERSION = YES;
				CLANG_WARN_OBJC_ROOT_CLASS = YES_ERROR;
				CLANG_WARN_QUOTED_INCLUDE_IN_FRAMEWORK_HEADER = YES;
				CLANG_WARN_RANGE_LOOP_ANALYSIS = YES;
				CLANG_WARN_STRICT_PROTOTYPES = YES;
				CLANG_WARN_SUSPICIOUS_MOVE = YES;
				CLANG_WARN_UNGUARDED_AVAILABILITY = YES_AGGRESSIVE;
				CLANG_WARN_UNREACHABLE_CODE = YES;
				CLANG_WARN__DUPLICATE_METHOD_MATCH = YES;
				COPY_PHASE_STRIP = NO;
				DEBUG_INFORMATION_FORMAT = dwarf;
				ENABLE_STRICT_OBJC_MSGSEND = YES;
				ENABLE_TESTABILITY = YES;
				GCC_C_LANGUAGE_STANDARD = gnu11;
				GCC_DYNAMIC_NO_PIC = NO;
				GCC_NO_COMMON_BLOCKS = YES;
				GCC_OPTIMIZATION_LEVEL = 0;
				GCC_PREPROCESSOR_DEFINITIONS = (
					"DEBUG=1",
					"$(inherited)",
				);
				GCC_WARN_64_TO_32_BIT_CONVERSION = YES;
				GCC_WARN_ABOUT_RETURN_TYPE = YES_ERROR;
				GCC_WARN_UNDECLARED_SELECTOR = YES;
				GCC_WARN_UNINITIALIZED_AUTOS = YES_AGGRESSIVE;
				GCC_WARN_UNUSED_FUNCTION = YES;
				GCC_WARN_UNUSED_VARIABLE = YES;
				IPHONEOS_DEPLOYMENT_TARGET = 14.4;
				MTL_ENABLE_DEBUG_INFO = INCLUDE_SOURCE;
				MTL_FAST_MATH = YES;
				ONLY_ACTIVE_ARCH = YES;
				SDKROOT = iphoneos;
				SWIFT_ACTIVE_COMPILATION_CONDITIONS = DEBUG;
				SWIFT_OPTIMIZATION_LEVEL = "-Onone";
			};
			name = Debug;
		};
		A99DA61127538F04009B00B0 /* Release */ = {
			isa = XCBuildConfiguration;
			buildSettings = {
				ALWAYS_SEARCH_USER_PATHS = NO;
				CLANG_ANALYZER_NONNULL = YES;
				CLANG_ANALYZER_NUMBER_OBJECT_CONVERSION = YES_AGGRESSIVE;
				CLANG_CXX_LANGUAGE_STANDARD = "gnu++14";
				CLANG_CXX_LIBRARY = "libc++";
				CLANG_ENABLE_MODULES = YES;
				CLANG_ENABLE_OBJC_ARC = YES;
				CLANG_ENABLE_OBJC_WEAK = YES;
				CLANG_WARN_BLOCK_CAPTURE_AUTORELEASING = YES;
				CLANG_WARN_BOOL_CONVERSION = YES;
				CLANG_WARN_COMMA = YES;
				CLANG_WARN_CONSTANT_CONVERSION = YES;
				CLANG_WARN_DEPRECATED_OBJC_IMPLEMENTATIONS = YES;
				CLANG_WARN_DIRECT_OBJC_ISA_USAGE = YES_ERROR;
				CLANG_WARN_DOCUMENTATION_COMMENTS = YES;
				CLANG_WARN_EMPTY_BODY = YES;
				CLANG_WARN_ENUM_CONVERSION = YES;
				CLANG_WARN_INFINITE_RECURSION = YES;
				CLANG_WARN_INT_CONVERSION = YES;
				CLANG_WARN_NON_LITERAL_NULL_CONVERSION = YES;
				CLANG_WARN_OBJC_IMPLICIT_RETAIN_SELF = YES;
				CLANG_WARN_OBJC_LITERAL_CONVERSION = YES;
				CLANG_WARN_OBJC_ROOT_CLASS = YES_ERROR;
				CLANG_WARN_QUOTED_INCLUDE_IN_FRAMEWORK_HEADER = YES;
				CLANG_WARN_RANGE_LOOP_ANALYSIS = YES;
				CLANG_WARN_STRICT_PROTOTYPES = YES;
				CLANG_WARN_SUSPICIOUS_MOVE = YES;
				CLANG_WARN_UNGUARDED_AVAILABILITY = YES_AGGRESSIVE;
				CLANG_WARN_UNREACHABLE_CODE = YES;
				CLANG_WARN__DUPLICATE_METHOD_MATCH = YES;
				COPY_PHASE_STRIP = NO;
				DEBUG_INFORMATION_FORMAT = "dwarf-with-dsym";
				ENABLE_NS_ASSERTIONS = NO;
				ENABLE_STRICT_OBJC_MSGSEND = YES;
				GCC_C_LANGUAGE_STANDARD = gnu11;
				GCC_NO_COMMON_BLOCKS = YES;
				GCC_WARN_64_TO_32_BIT_CONVERSION = YES;
				GCC_WARN_ABOUT_RETURN_TYPE = YES_ERROR;
				GCC_WARN_UNDECLARED_SELECTOR = YES;
				GCC_WARN_UNINITIALIZED_AUTOS = YES_AGGRESSIVE;
				GCC_WARN_UNUSED_FUNCTION = YES;
				GCC_WARN_UNUSED_VARIABLE = YES;
				IPHONEOS_DEPLOYMENT_TARGET = 14.4;
				MTL_ENABLE_DEBUG_INFO = NO;
				MTL_FAST_MATH = YES;
				SDKROOT = iphoneos;
				SWIFT_COMPILATION_MODE = wholemodule;
				SWIFT_OPTIMIZATION_LEVEL = "-O";
				VALIDATE_PRODUCT = YES;
			};
			name = Release;
		};
		A99DA61327538F04009B00B0 /* Debug */ = {
			isa = XCBuildConfiguration;
			baseConfigurationReference = 78C5D6CD8C6A5EA919D3F264 /* Pods-LoveInASnap.debug.xcconfig */;
			buildSettings = {
				ASSETCATALOG_COMPILER_APPICON_NAME = AppIcon;
				ASSETCATALOG_COMPILER_GLOBAL_ACCENT_COLOR_NAME = AccentColor;
				CODE_SIGN_STYLE = Automatic;
				DEVELOPMENT_ASSET_PATHS = "\"LoveInASnap/Preview Content\"";
				DEVELOPMENT_TEAM = PA7XJ77TUR;
				ENABLE_PREVIEWS = YES;
				INFOPLIST_FILE = LoveInASnap/Info.plist;
				IPHONEOS_DEPLOYMENT_TARGET = 14.0;
				LD_RUNPATH_SEARCH_PATHS = (
					"$(inherited)",
					"@executable_path/Frameworks",
				);
				PRODUCT_BUNDLE_IDENTIFIER = "Khoa-Tran.LoveInASnap";
				PRODUCT_NAME = "$(TARGET_NAME)";
				SWIFT_VERSION = 5.0;
				TARGETED_DEVICE_FAMILY = "1,2";
			};
			name = Debug;
		};
		A99DA61427538F04009B00B0 /* Release */ = {
			isa = XCBuildConfiguration;
			baseConfigurationReference = 03E913AB9C7FADF1F577D28A /* Pods-LoveInASnap.release.xcconfig */;
			buildSettings = {
				ASSETCATALOG_COMPILER_APPICON_NAME = AppIcon;
				ASSETCATALOG_COMPILER_GLOBAL_ACCENT_COLOR_NAME = AccentColor;
				CODE_SIGN_STYLE = Automatic;
				DEVELOPMENT_ASSET_PATHS = "\"LoveInASnap/Preview Content\"";
				DEVELOPMENT_TEAM = PA7XJ77TUR;
				ENABLE_PREVIEWS = YES;
				INFOPLIST_FILE = LoveInASnap/Info.plist;
				IPHONEOS_DEPLOYMENT_TARGET = 14.0;
				LD_RUNPATH_SEARCH_PATHS = (
					"$(inherited)",
					"@executable_path/Frameworks",
				);
				PRODUCT_BUNDLE_IDENTIFIER = "Khoa-Tran.LoveInASnap";
				PRODUCT_NAME = "$(TARGET_NAME)";
				SWIFT_VERSION = 5.0;
				TARGETED_DEVICE_FAMILY = "1,2";
			};
			name = Release;
		};
/* End XCBuildConfiguration section */

/* Begin XCConfigurationList section */
		A99DA5FE27538EF8009B00B0 /* Build configuration list for PBXProject "LoveInASnap" */ = {
			isa = XCConfigurationList;
			buildConfigurations = (
				A99DA61027538F04009B00B0 /* Debug */,
				A99DA61127538F04009B00B0 /* Release */,
			);
			defaultConfigurationIsVisible = 0;
			defaultConfigurationName = Release;
		};
		A99DA61227538F04009B00B0 /* Build configuration list for PBXNativeTarget "LoveInASnap" */ = {
			isa = XCConfigurationList;
			buildConfigurations = (
				A99DA61327538F04009B00B0 /* Debug */,
				A99DA61427538F04009B00B0 /* Release */,
			);
			defaultConfigurationIsVisible = 0;
			defaultConfigurationName = Release;
		};
/* End XCConfigurationList section */
	};
	rootObject = A99DA5FB27538EF8009B00B0 /* Project object */;
}
